// !$*UTF8*$!
{
	archiveVersion = 1;
	classes = {
	};
	objectVersion = 51;
	objects = {

/* Begin PBXBuildFile section */
		4AD30638E9607041D8EEEC14 /* Pods_ManageBuildings2_0UITests.framework in Frameworks */ = {isa = PBXBuildFile; fileRef = 3B609E809AB6BD4995926538 /* Pods_ManageBuildings2_0UITests.framework */; };
		5507C636232B38110044F90C /* controllerArrendatario.swift in Sources */ = {isa = PBXBuildFile; fileRef = 5507C624232B380D0044F90C /* controllerArrendatario.swift */; };
		5507C637232B38110044F90C /* controllerManageHistorial.swift in Sources */ = {isa = PBXBuildFile; fileRef = 5507C625232B380D0044F90C /* controllerManageHistorial.swift */; };
		5507C638232B38110044F90C /* controllerManageContrato.swift in Sources */ = {isa = PBXBuildFile; fileRef = 5507C626232B380D0044F90C /* controllerManageContrato.swift */; };
		5507C639232B38110044F90C /* contratos.swift in Sources */ = {isa = PBXBuildFile; fileRef = 5507C627232B380D0044F90C /* contratos.swift */; };
		5507C63A232B38110044F90C /* pruebaCron.swift in Sources */ = {isa = PBXBuildFile; fileRef = 5507C628232B380D0044F90C /* pruebaCron.swift */; };
		5507C63B232B38110044F90C /* controllerAddApt.swift in Sources */ = {isa = PBXBuildFile; fileRef = 5507C629232B380E0044F90C /* controllerAddApt.swift */; };
		5507C63C232B38110044F90C /* controllerUpdateApartment.swift in Sources */ = {isa = PBXBuildFile; fileRef = 5507C62A232B380E0044F90C /* controllerUpdateApartment.swift */; };
		5507C63D232B38110044F90C /* DBManager.swift in Sources */ = {isa = PBXBuildFile; fileRef = 5507C62B232B380E0044F90C /* DBManager.swift */; };
		5507C63E232B38110044F90C /* manageRentas.swift in Sources */ = {isa = PBXBuildFile; fileRef = 5507C62C232B380E0044F90C /* manageRentas.swift */; };
		5507C63F232B38110044F90C /* controllerContrato.swift in Sources */ = {isa = PBXBuildFile; fileRef = 5507C62D232B380E0044F90C /* controllerContrato.swift */; };
		5507C640232B38110044F90C /* controllerUpdateArrendatario.swift in Sources */ = {isa = PBXBuildFile; fileRef = 5507C62E232B380F0044F90C /* controllerUpdateArrendatario.swift */; };
		5507C641232B38110044F90C /* listaContratos.swift in Sources */ = {isa = PBXBuildFile; fileRef = 5507C62F232B380F0044F90C /* listaContratos.swift */; };
		5507C642232B38110044F90C /* controllerAddArrendatario.swift in Sources */ = {isa = PBXBuildFile; fileRef = 5507C630232B380F0044F90C /* controllerAddArrendatario.swift */; };
		5507C643232B38110044F90C /* Apartments.swift in Sources */ = {isa = PBXBuildFile; fileRef = 5507C631232B380F0044F90C /* Apartments.swift */; };
		5507C644232B38110044F90C /* controllerUpdateContrato.swift in Sources */ = {isa = PBXBuildFile; fileRef = 5507C632232B380F0044F90C /* controllerUpdateContrato.swift */; };
		5507C646232B38110044F90C /* AparmentsController.swift in Sources */ = {isa = PBXBuildFile; fileRef = 5507C634232B38100044F90C /* AparmentsController.swift */; };
		5507C647232B38110044F90C /* Arrendatarios.swift in Sources */ = {isa = PBXBuildFile; fileRef = 5507C635232B38100044F90C /* Arrendatarios.swift */; };
		556B5F6B246A1093004A9D52 /* pagosRenta.swift in Sources */ = {isa = PBXBuildFile; fileRef = 556B5F6A246A1093004A9D52 /* pagosRenta.swift */; };
		5586ECDB232B57E100B3015E /* Pods_ManageBuildings2_0.framework in Frameworks */ = {isa = PBXBuildFile; fileRef = 5586ECDA232B57E100B3015E /* Pods_ManageBuildings2_0.framework */; };
		55ADDB80233413B6003C04D8 /* GoogleService-Info.plist in Resources */ = {isa = PBXBuildFile; fileRef = 55ADDB7F233413B6003C04D8 /* GoogleService-Info.plist */; };
		55DC922723296EE60079772F /* AppDelegate.swift in Sources */ = {isa = PBXBuildFile; fileRef = 55DC922623296EE60079772F /* AppDelegate.swift */; };
		55DC922923296EE60079772F /* ViewController.swift in Sources */ = {isa = PBXBuildFile; fileRef = 55DC922823296EE60079772F /* ViewController.swift */; };
		55DC922E23296EE80079772F /* Assets.xcassets in Resources */ = {isa = PBXBuildFile; fileRef = 55DC922D23296EE80079772F /* Assets.xcassets */; };
		55DC923C23296EE80079772F /* ManageBuildings2_0Tests.swift in Sources */ = {isa = PBXBuildFile; fileRef = 55DC923B23296EE80079772F /* ManageBuildings2_0Tests.swift */; };
		55DC924723296EE80079772F /* ManageBuildings2_0UITests.swift in Sources */ = {isa = PBXBuildFile; fileRef = 55DC924623296EE80079772F /* ManageBuildings2_0UITests.swift */; };
		55DC925523296F250079772F /* Main.storyboard in Resources */ = {isa = PBXBuildFile; fileRef = 55DC925423296F240079772F /* Main.storyboard */; };
		55DC92572329700B0079772F /* LaunchScreen.storyboard in Resources */ = {isa = PBXBuildFile; fileRef = 55DC92562329700B0079772F /* LaunchScreen.storyboard */; };
		55DC925E232971380079772F /* fondo.jpg in Resources */ = {isa = PBXBuildFile; fileRef = 55DC925D232971380079772F /* fondo.jpg */; };
		55DC92602329713D0079772F /* logo2.png in Resources */ = {isa = PBXBuildFile; fileRef = 55DC925F2329713D0079772F /* logo2.png */; };
		66166A9477F781C007428626 /* Pods_ManageBuildings2_0Tests.framework in Frameworks */ = {isa = PBXBuildFile; fileRef = B477666E00DB9250E6EB684C /* Pods_ManageBuildings2_0Tests.framework */; };
/* End PBXBuildFile section */

/* Begin PBXContainerItemProxy section */
		55DC923823296EE80079772F /* PBXContainerItemProxy */ = {
			isa = PBXContainerItemProxy;
			containerPortal = 55DC921B23296EE60079772F /* Project object */;
			proxyType = 1;
			remoteGlobalIDString = 55DC922223296EE60079772F;
			remoteInfo = ManageBuildings2.0;
		};
		55DC924323296EE80079772F /* PBXContainerItemProxy */ = {
			isa = PBXContainerItemProxy;
			containerPortal = 55DC921B23296EE60079772F /* Project object */;
			proxyType = 1;
			remoteGlobalIDString = 55DC922223296EE60079772F;
			remoteInfo = ManageBuildings2.0;
		};
/* End PBXContainerItemProxy section */

/* Begin PBXCopyFilesBuildPhase section */
		5586ECE1232B57EC00B3015E /* Embed Frameworks */ = {
			isa = PBXCopyFilesBuildPhase;
			buildActionMask = 2147483647;
			dstPath = "";
			dstSubfolderSpec = 10;
			files = (
			);
			name = "Embed Frameworks";
			runOnlyForDeploymentPostprocessing = 0;
		};
/* End PBXCopyFilesBuildPhase section */

/* Begin PBXFileReference section */
		05841F2517978D497CA559D0 /* Pods-ManageBuildings2.0Tests.release.xcconfig */ = {isa = PBXFileReference; includeInIndex = 1; lastKnownFileType = text.xcconfig; name = "Pods-ManageBuildings2.0Tests.release.xcconfig"; path = "Target Support Files/Pods-ManageBuildings2.0Tests/Pods-ManageBuildings2.0Tests.release.xcconfig"; sourceTree = "<group>"; };
		23EDE2271BE75AA764204403 /* Pods-ManageBuildings2.0UITests.release.xcconfig */ = {isa = PBXFileReference; includeInIndex = 1; lastKnownFileType = text.xcconfig; name = "Pods-ManageBuildings2.0UITests.release.xcconfig"; path = "Target Support Files/Pods-ManageBuildings2.0UITests/Pods-ManageBuildings2.0UITests.release.xcconfig"; sourceTree = "<group>"; };
		3B609E809AB6BD4995926538 /* Pods_ManageBuildings2_0UITests.framework */ = {isa = PBXFileReference; explicitFileType = wrapper.framework; includeInIndex = 0; path = Pods_ManageBuildings2_0UITests.framework; sourceTree = BUILT_PRODUCTS_DIR; };
		5507C624232B380D0044F90C /* controllerArrendatario.swift */ = {isa = PBXFileReference; fileEncoding = 4; lastKnownFileType = sourcecode.swift; path = controllerArrendatario.swift; sourceTree = "<group>"; };
		5507C625232B380D0044F90C /* controllerManageHistorial.swift */ = {isa = PBXFileReference; fileEncoding = 4; lastKnownFileType = sourcecode.swift; path = controllerManageHistorial.swift; sourceTree = "<group>"; };
		5507C626232B380D0044F90C /* controllerManageContrato.swift */ = {isa = PBXFileReference; fileEncoding = 4; lastKnownFileType = sourcecode.swift; path = controllerManageContrato.swift; sourceTree = "<group>"; };
		5507C627232B380D0044F90C /* contratos.swift */ = {isa = PBXFileReference; fileEncoding = 4; lastKnownFileType = sourcecode.swift; path = contratos.swift; sourceTree = "<group>"; };
		5507C628232B380D0044F90C /* pruebaCron.swift */ = {isa = PBXFileReference; fileEncoding = 4; lastKnownFileType = sourcecode.swift; path = pruebaCron.swift; sourceTree = "<group>"; };
		5507C629232B380E0044F90C /* controllerAddApt.swift */ = {isa = PBXFileReference; fileEncoding = 4; lastKnownFileType = sourcecode.swift; path = controllerAddApt.swift; sourceTree = "<group>"; };
		5507C62A232B380E0044F90C /* controllerUpdateApartment.swift */ = {isa = PBXFileReference; fileEncoding = 4; lastKnownFileType = sourcecode.swift; path = controllerUpdateApartment.swift; sourceTree = "<group>"; };
		5507C62B232B380E0044F90C /* DBManager.swift */ = {isa = PBXFileReference; fileEncoding = 4; lastKnownFileType = sourcecode.swift; path = DBManager.swift; sourceTree = "<group>"; };
		5507C62C232B380E0044F90C /* manageRentas.swift */ = {isa = PBXFileReference; fileEncoding = 4; lastKnownFileType = sourcecode.swift; path = manageRentas.swift; sourceTree = "<group>"; };
		5507C62D232B380E0044F90C /* controllerContrato.swift */ = {isa = PBXFileReference; fileEncoding = 4; lastKnownFileType = sourcecode.swift; path = controllerContrato.swift; sourceTree = "<group>"; };
		5507C62E232B380F0044F90C /* controllerUpdateArrendatario.swift */ = {isa = PBXFileReference; fileEncoding = 4; lastKnownFileType = sourcecode.swift; path = controllerUpdateArrendatario.swift; sourceTree = "<group>"; };
		5507C62F232B380F0044F90C /* listaContratos.swift */ = {isa = PBXFileReference; fileEncoding = 4; lastKnownFileType = sourcecode.swift; path = listaContratos.swift; sourceTree = "<group>"; };
		5507C630232B380F0044F90C /* controllerAddArrendatario.swift */ = {isa = PBXFileReference; fileEncoding = 4; lastKnownFileType = sourcecode.swift; path = controllerAddArrendatario.swift; sourceTree = "<group>"; };
		5507C631232B380F0044F90C /* Apartments.swift */ = {isa = PBXFileReference; fileEncoding = 4; lastKnownFileType = sourcecode.swift; path = Apartments.swift; sourceTree = "<group>"; };
		5507C632232B380F0044F90C /* controllerUpdateContrato.swift */ = {isa = PBXFileReference; fileEncoding = 4; lastKnownFileType = sourcecode.swift; path = controllerUpdateContrato.swift; sourceTree = "<group>"; };
		5507C634232B38100044F90C /* AparmentsController.swift */ = {isa = PBXFileReference; fileEncoding = 4; lastKnownFileType = sourcecode.swift; path = AparmentsController.swift; sourceTree = "<group>"; };
		5507C635232B38100044F90C /* Arrendatarios.swift */ = {isa = PBXFileReference; fileEncoding = 4; lastKnownFileType = sourcecode.swift; path = Arrendatarios.swift; sourceTree = "<group>"; };
		556B5F6A246A1093004A9D52 /* pagosRenta.swift */ = {isa = PBXFileReference; lastKnownFileType = sourcecode.swift; path = pagosRenta.swift; sourceTree = "<group>"; };
		5586ECDA232B57E100B3015E /* Pods_ManageBuildings2_0.framework */ = {isa = PBXFileReference; explicitFileType = wrapper.framework; path = Pods_ManageBuildings2_0.framework; sourceTree = BUILT_PRODUCTS_DIR; };
		558F3DCA232B51B600247E10 /* Pods_ManageBuildings2_0.framework */ = {isa = PBXFileReference; explicitFileType = wrapper.framework; path = Pods_ManageBuildings2_0.framework; sourceTree = BUILT_PRODUCTS_DIR; };
		558F3DCC232B51E000247E10 /* Pods_ManageBuildings2_0.framework */ = {isa = PBXFileReference; explicitFileType = wrapper.framework; path = Pods_ManageBuildings2_0.framework; sourceTree = BUILT_PRODUCTS_DIR; };
		55ADDB7F233413B6003C04D8 /* GoogleService-Info.plist */ = {isa = PBXFileReference; fileEncoding = 4; lastKnownFileType = text.plist.xml; path = "GoogleService-Info.plist"; sourceTree = "<group>"; };
		55DC922323296EE60079772F /* ManageBuildings2.0.app */ = {isa = PBXFileReference; explicitFileType = wrapper.application; includeInIndex = 0; path = ManageBuildings2.0.app; sourceTree = BUILT_PRODUCTS_DIR; };
		55DC922623296EE60079772F /* AppDelegate.swift */ = {isa = PBXFileReference; lastKnownFileType = sourcecode.swift; path = AppDelegate.swift; sourceTree = "<group>"; };
		55DC922823296EE60079772F /* ViewController.swift */ = {isa = PBXFileReference; lastKnownFileType = sourcecode.swift; path = ViewController.swift; sourceTree = "<group>"; };
		55DC922D23296EE80079772F /* Assets.xcassets */ = {isa = PBXFileReference; lastKnownFileType = folder.assetcatalog; path = Assets.xcassets; sourceTree = "<group>"; };
		55DC923223296EE80079772F /* Info.plist */ = {isa = PBXFileReference; lastKnownFileType = text.plist.xml; path = Info.plist; sourceTree = "<group>"; };
		55DC923723296EE80079772F /* ManageBuildings2.0Tests.xctest */ = {isa = PBXFileReference; explicitFileType = wrapper.cfbundle; includeInIndex = 0; path = ManageBuildings2.0Tests.xctest; sourceTree = BUILT_PRODUCTS_DIR; };
		55DC923B23296EE80079772F /* ManageBuildings2_0Tests.swift */ = {isa = PBXFileReference; lastKnownFileType = sourcecode.swift; path = ManageBuildings2_0Tests.swift; sourceTree = "<group>"; };
		55DC923D23296EE80079772F /* Info.plist */ = {isa = PBXFileReference; lastKnownFileType = text.plist.xml; path = Info.plist; sourceTree = "<group>"; };
		55DC924223296EE80079772F /* ManageBuildings2.0UITests.xctest */ = {isa = PBXFileReference; explicitFileType = wrapper.cfbundle; includeInIndex = 0; path = ManageBuildings2.0UITests.xctest; sourceTree = BUILT_PRODUCTS_DIR; };
		55DC924623296EE80079772F /* ManageBuildings2_0UITests.swift */ = {isa = PBXFileReference; lastKnownFileType = sourcecode.swift; path = ManageBuildings2_0UITests.swift; sourceTree = "<group>"; };
		55DC924823296EE80079772F /* Info.plist */ = {isa = PBXFileReference; lastKnownFileType = text.plist.xml; path = Info.plist; sourceTree = "<group>"; };
		55DC925423296F240079772F /* Main.storyboard */ = {isa = PBXFileReference; fileEncoding = 4; lastKnownFileType = file.storyboard; path = Main.storyboard; sourceTree = "<group>"; };
		55DC92562329700B0079772F /* LaunchScreen.storyboard */ = {isa = PBXFileReference; fileEncoding = 4; lastKnownFileType = file.storyboard; path = LaunchScreen.storyboard; sourceTree = "<group>"; };
		55DC925D232971380079772F /* fondo.jpg */ = {isa = PBXFileReference; lastKnownFileType = image.jpeg; path = fondo.jpg; sourceTree = "<group>"; };
		55DC925F2329713D0079772F /* logo2.png */ = {isa = PBXFileReference; lastKnownFileType = image.png; path = logo2.png; sourceTree = "<group>"; };
		63652FDD8E468F7B80913E3F /* Pods-ManageBuildings2.0.release.xcconfig */ = {isa = PBXFileReference; includeInIndex = 1; lastKnownFileType = text.xcconfig; name = "Pods-ManageBuildings2.0.release.xcconfig"; path = "Target Support Files/Pods-ManageBuildings2.0/Pods-ManageBuildings2.0.release.xcconfig"; sourceTree = "<group>"; };
		70B4FAD826A11F84F1B48512 /* Pods-ManageBuildings2.0Tests.debug.xcconfig */ = {isa = PBXFileReference; includeInIndex = 1; lastKnownFileType = text.xcconfig; name = "Pods-ManageBuildings2.0Tests.debug.xcconfig"; path = "Target Support Files/Pods-ManageBuildings2.0Tests/Pods-ManageBuildings2.0Tests.debug.xcconfig"; sourceTree = "<group>"; };
		8505E690294D544FBC8113B8 /* Pods_ManageBuildings2_0.framework */ = {isa = PBXFileReference; explicitFileType = wrapper.framework; includeInIndex = 0; path = Pods_ManageBuildings2_0.framework; sourceTree = BUILT_PRODUCTS_DIR; };
		860B7C7C8E28ACF4EEDBAA89 /* Pods-ManageBuildings2.0UITests.debug.xcconfig */ = {isa = PBXFileReference; includeInIndex = 1; lastKnownFileType = text.xcconfig; name = "Pods-ManageBuildings2.0UITests.debug.xcconfig"; path = "Target Support Files/Pods-ManageBuildings2.0UITests/Pods-ManageBuildings2.0UITests.debug.xcconfig"; sourceTree = "<group>"; };
		B477666E00DB9250E6EB684C /* Pods_ManageBuildings2_0Tests.framework */ = {isa = PBXFileReference; explicitFileType = wrapper.framework; includeInIndex = 0; path = Pods_ManageBuildings2_0Tests.framework; sourceTree = BUILT_PRODUCTS_DIR; };
		ECEFF37CD9B4EA2417EB1EFC /* Pods-ManageBuildings2.0.debug.xcconfig */ = {isa = PBXFileReference; includeInIndex = 1; lastKnownFileType = text.xcconfig; name = "Pods-ManageBuildings2.0.debug.xcconfig"; path = "Target Support Files/Pods-ManageBuildings2.0/Pods-ManageBuildings2.0.debug.xcconfig"; sourceTree = "<group>"; };
/* End PBXFileReference section */

/* Begin PBXFrameworksBuildPhase section */
		55DC922023296EE60079772F /* Frameworks */ = {
			isa = PBXFrameworksBuildPhase;
			buildActionMask = 2147483647;
			files = (
				5586ECDB232B57E100B3015E /* Pods_ManageBuildings2_0.framework in Frameworks */,
			);
			runOnlyForDeploymentPostprocessing = 0;
		};
		55DC923423296EE80079772F /* Frameworks */ = {
			isa = PBXFrameworksBuildPhase;
			buildActionMask = 2147483647;
			files = (
				66166A9477F781C007428626 /* Pods_ManageBuildings2_0Tests.framework in Frameworks */,
			);
			runOnlyForDeploymentPostprocessing = 0;
		};
		55DC923F23296EE80079772F /* Frameworks */ = {
			isa = PBXFrameworksBuildPhase;
			buildActionMask = 2147483647;
			files = (
				4AD30638E9607041D8EEEC14 /* Pods_ManageBuildings2_0UITests.framework in Frameworks */,
			);
			runOnlyForDeploymentPostprocessing = 0;
		};
/* End PBXFrameworksBuildPhase section */

/* Begin PBXGroup section */
		55DC921A23296EE60079772F = {
			isa = PBXGroup;
			children = (
				55DC925C232971000079772F /* Imagenes */,
				55DC922523296EE60079772F /* ManageBuildings2.0 */,
				55DC923A23296EE80079772F /* ManageBuildings2.0Tests */,
				55DC924523296EE80079772F /* ManageBuildings2.0UITests */,
				55DC922423296EE60079772F /* Products */,
				71EEED4ED126F7D26C07D46B /* Pods */,
				CF61689D3FA34C2B1B58F036 /* Frameworks */,
			);
			sourceTree = "<group>";
		};
		55DC922423296EE60079772F /* Products */ = {
			isa = PBXGroup;
			children = (
				55DC922323296EE60079772F /* ManageBuildings2.0.app */,
				55DC923723296EE80079772F /* ManageBuildings2.0Tests.xctest */,
				55DC924223296EE80079772F /* ManageBuildings2.0UITests.xctest */,
			);
			name = Products;
			sourceTree = "<group>";
		};
		55DC922523296EE60079772F /* ManageBuildings2.0 */ = {
			isa = PBXGroup;
			children = (
				5507C634232B38100044F90C /* AparmentsController.swift */,
				5507C631232B380F0044F90C /* Apartments.swift */,
				5507C635232B38100044F90C /* Arrendatarios.swift */,
				5507C627232B380D0044F90C /* contratos.swift */,
				5507C629232B380E0044F90C /* controllerAddApt.swift */,
				5507C630232B380F0044F90C /* controllerAddArrendatario.swift */,
				5507C624232B380D0044F90C /* controllerArrendatario.swift */,
				5507C62D232B380E0044F90C /* controllerContrato.swift */,
				5507C626232B380D0044F90C /* controllerManageContrato.swift */,
				5507C625232B380D0044F90C /* controllerManageHistorial.swift */,
				5507C62A232B380E0044F90C /* controllerUpdateApartment.swift */,
				5507C62E232B380F0044F90C /* controllerUpdateArrendatario.swift */,
				5507C632232B380F0044F90C /* controllerUpdateContrato.swift */,
				5507C62B232B380E0044F90C /* DBManager.swift */,
				5507C62F232B380F0044F90C /* listaContratos.swift */,
				5507C62C232B380E0044F90C /* manageRentas.swift */,
				5507C628232B380D0044F90C /* pruebaCron.swift */,
				55DC922623296EE60079772F /* AppDelegate.swift */,
				55DC922823296EE60079772F /* ViewController.swift */,
				55DC92562329700B0079772F /* LaunchScreen.storyboard */,
				55DC925423296F240079772F /* Main.storyboard */,
				55DC922D23296EE80079772F /* Assets.xcassets */,
				55ADDB7F233413B6003C04D8 /* GoogleService-Info.plist */,
				55DC923223296EE80079772F /* Info.plist */,
				556B5F6A246A1093004A9D52 /* pagosRenta.swift */,
			);
			path = ManageBuildings2.0;
			sourceTree = "<group>";
		};
		55DC923A23296EE80079772F /* ManageBuildings2.0Tests */ = {
			isa = PBXGroup;
			children = (
				55DC923B23296EE80079772F /* ManageBuildings2_0Tests.swift */,
				55DC923D23296EE80079772F /* Info.plist */,
			);
			path = ManageBuildings2.0Tests;
			sourceTree = "<group>";
		};
		55DC924523296EE80079772F /* ManageBuildings2.0UITests */ = {
			isa = PBXGroup;
			children = (
				55DC924623296EE80079772F /* ManageBuildings2_0UITests.swift */,
				55DC924823296EE80079772F /* Info.plist */,
			);
			path = ManageBuildings2.0UITests;
			sourceTree = "<group>";
		};
		55DC925C232971000079772F /* Imagenes */ = {
			isa = PBXGroup;
			children = (
				55DC925D232971380079772F /* fondo.jpg */,
				55DC925F2329713D0079772F /* logo2.png */,
			);
			path = Imagenes;
			sourceTree = "<group>";
		};
		71EEED4ED126F7D26C07D46B /* Pods */ = {
			isa = PBXGroup;
			children = (
				ECEFF37CD9B4EA2417EB1EFC /* Pods-ManageBuildings2.0.debug.xcconfig */,
				63652FDD8E468F7B80913E3F /* Pods-ManageBuildings2.0.release.xcconfig */,
				70B4FAD826A11F84F1B48512 /* Pods-ManageBuildings2.0Tests.debug.xcconfig */,
				05841F2517978D497CA559D0 /* Pods-ManageBuildings2.0Tests.release.xcconfig */,
				860B7C7C8E28ACF4EEDBAA89 /* Pods-ManageBuildings2.0UITests.debug.xcconfig */,
				23EDE2271BE75AA764204403 /* Pods-ManageBuildings2.0UITests.release.xcconfig */,
			);
			path = Pods;
			sourceTree = "<group>";
		};
		CF61689D3FA34C2B1B58F036 /* Frameworks */ = {
			isa = PBXGroup;
			children = (
				5586ECDA232B57E100B3015E /* Pods_ManageBuildings2_0.framework */,
				558F3DCC232B51E000247E10 /* Pods_ManageBuildings2_0.framework */,
				558F3DCA232B51B600247E10 /* Pods_ManageBuildings2_0.framework */,
				8505E690294D544FBC8113B8 /* Pods_ManageBuildings2_0.framework */,
				B477666E00DB9250E6EB684C /* Pods_ManageBuildings2_0Tests.framework */,
				3B609E809AB6BD4995926538 /* Pods_ManageBuildings2_0UITests.framework */,
			);
			name = Frameworks;
			sourceTree = "<group>";
		};
/* End PBXGroup section */

/* Begin PBXNativeTarget section */
		55DC922223296EE60079772F /* ManageBuildings2.0 */ = {
			isa = PBXNativeTarget;
			buildConfigurationList = 55DC924B23296EE80079772F /* Build configuration list for PBXNativeTarget "ManageBuildings2.0" */;
			buildPhases = (
				A286DFE21B40B5553C48F256 /* [CP] Check Pods Manifest.lock */,
				55DC921F23296EE60079772F /* Sources */,
				55DC922023296EE60079772F /* Frameworks */,
				55DC922123296EE60079772F /* Resources */,
				69D1643A3BE2402D761CC06A /* [CP] Embed Pods Frameworks */,
				5586ECE1232B57EC00B3015E /* Embed Frameworks */,
			);
			buildRules = (
			);
			dependencies = (
			);
			name = ManageBuildings2.0;
			productName = ManageBuildings2.0;
			productReference = 55DC922323296EE60079772F /* ManageBuildings2.0.app */;
			productType = "com.apple.product-type.application";
		};
		55DC923623296EE80079772F /* ManageBuildings2.0Tests */ = {
			isa = PBXNativeTarget;
			buildConfigurationList = 55DC924E23296EE80079772F /* Build configuration list for PBXNativeTarget "ManageBuildings2.0Tests" */;
			buildPhases = (
				B12B6008B6CDB46C0BBB21FA /* [CP] Check Pods Manifest.lock */,
				55DC923323296EE80079772F /* Sources */,
				55DC923423296EE80079772F /* Frameworks */,
				55DC923523296EE80079772F /* Resources */,
			);
			buildRules = (
			);
			dependencies = (
				55DC923923296EE80079772F /* PBXTargetDependency */,
			);
			name = ManageBuildings2.0Tests;
			productName = ManageBuildings2.0Tests;
			productReference = 55DC923723296EE80079772F /* ManageBuildings2.0Tests.xctest */;
			productType = "com.apple.product-type.bundle.unit-test";
		};
		55DC924123296EE80079772F /* ManageBuildings2.0UITests */ = {
			isa = PBXNativeTarget;
			buildConfigurationList = 55DC925123296EE80079772F /* Build configuration list for PBXNativeTarget "ManageBuildings2.0UITests" */;
			buildPhases = (
				AE40490DD78628DEEA51F235 /* [CP] Check Pods Manifest.lock */,
				55DC923E23296EE80079772F /* Sources */,
				55DC923F23296EE80079772F /* Frameworks */,
				55DC924023296EE80079772F /* Resources */,
			);
			buildRules = (
			);
			dependencies = (
				55DC924423296EE80079772F /* PBXTargetDependency */,
			);
			name = ManageBuildings2.0UITests;
			productName = ManageBuildings2.0UITests;
			productReference = 55DC924223296EE80079772F /* ManageBuildings2.0UITests.xctest */;
			productType = "com.apple.product-type.bundle.ui-testing";
		};
/* End PBXNativeTarget section */

/* Begin PBXProject section */
		55DC921B23296EE60079772F /* Project object */ = {
			isa = PBXProject;
			attributes = {
				LastSwiftUpdateCheck = 1010;
				LastUpgradeCheck = 1210;
				ORGANIZATIONNAME = wrichy;
				TargetAttributes = {
					55DC922223296EE60079772F = {
						CreatedOnToolsVersion = 10.1;
						LastSwiftMigration = 1120;
					};
					55DC923623296EE80079772F = {
						CreatedOnToolsVersion = 10.1;
						LastSwiftMigration = 1120;
						TestTargetID = 55DC922223296EE60079772F;
					};
					55DC924123296EE80079772F = {
						CreatedOnToolsVersion = 10.1;
						LastSwiftMigration = 1120;
						TestTargetID = 55DC922223296EE60079772F;
					};
				};
			};
			buildConfigurationList = 55DC921E23296EE60079772F /* Build configuration list for PBXProject "ManageBuildings2.0" */;
			compatibilityVersion = "Xcode 9.3";
			developmentRegion = en;
			hasScannedForEncodings = 0;
			knownRegions = (
				en,
				Base,
			);
			mainGroup = 55DC921A23296EE60079772F;
			productRefGroup = 55DC922423296EE60079772F /* Products */;
			projectDirPath = "";
			projectRoot = "";
			targets = (
				55DC922223296EE60079772F /* ManageBuildings2.0 */,
				55DC923623296EE80079772F /* ManageBuildings2.0Tests */,
				55DC924123296EE80079772F /* ManageBuildings2.0UITests */,
			);
		};
/* End PBXProject section */

/* Begin PBXResourcesBuildPhase section */
		55DC922123296EE60079772F /* Resources */ = {
			isa = PBXResourcesBuildPhase;
			buildActionMask = 2147483647;
			files = (
				55DC92572329700B0079772F /* LaunchScreen.storyboard in Resources */,
				55DC92602329713D0079772F /* logo2.png in Resources */,
				55DC922E23296EE80079772F /* Assets.xcassets in Resources */,
				55DC925E232971380079772F /* fondo.jpg in Resources */,
				55DC925523296F250079772F /* Main.storyboard in Resources */,
				55ADDB80233413B6003C04D8 /* GoogleService-Info.plist in Resources */,
			);
			runOnlyForDeploymentPostprocessing = 0;
		};
		55DC923523296EE80079772F /* Resources */ = {
			isa = PBXResourcesBuildPhase;
			buildActionMask = 2147483647;
			files = (
			);
			runOnlyForDeploymentPostprocessing = 0;
		};
		55DC924023296EE80079772F /* Resources */ = {
			isa = PBXResourcesBuildPhase;
			buildActionMask = 2147483647;
			files = (
			);
			runOnlyForDeploymentPostprocessing = 0;
		};
/* End PBXResourcesBuildPhase section */

/* Begin PBXShellScriptBuildPhase section */
		69D1643A3BE2402D761CC06A /* [CP] Embed Pods Frameworks */ = {
			isa = PBXShellScriptBuildPhase;
			buildActionMask = 2147483647;
			files = (
			);
			inputFileListPaths = (
				"${PODS_ROOT}/Target Support Files/Pods-ManageBuildings2.0/Pods-ManageBuildings2.0-frameworks-${CONFIGURATION}-input-files.xcfilelist",
			);
			name = "[CP] Embed Pods Frameworks";
			outputFileListPaths = (
				"${PODS_ROOT}/Target Support Files/Pods-ManageBuildings2.0/Pods-ManageBuildings2.0-frameworks-${CONFIGURATION}-output-files.xcfilelist",
			);
			runOnlyForDeploymentPostprocessing = 0;
			shellPath = /bin/sh;
			shellScript = "\"${PODS_ROOT}/Target Support Files/Pods-ManageBuildings2.0/Pods-ManageBuildings2.0-frameworks.sh\"\n";
			showEnvVarsInLog = 0;
		};
		A286DFE21B40B5553C48F256 /* [CP] Check Pods Manifest.lock */ = {
			isa = PBXShellScriptBuildPhase;
			buildActionMask = 2147483647;
			files = (
			);
			inputFileListPaths = (
			);
			inputPaths = (
				"${PODS_PODFILE_DIR_PATH}/Podfile.lock",
				"${PODS_ROOT}/Manifest.lock",
			);
			name = "[CP] Check Pods Manifest.lock";
			outputFileListPaths = (
			);
			outputPaths = (
				"$(DERIVED_FILE_DIR)/Pods-ManageBuildings2.0-checkManifestLockResult.txt",
			);
			runOnlyForDeploymentPostprocessing = 0;
			shellPath = /bin/sh;
			shellScript = "diff \"${PODS_PODFILE_DIR_PATH}/Podfile.lock\" \"${PODS_ROOT}/Manifest.lock\" > /dev/null\nif [ $? != 0 ] ; then\n    # print error to STDERR\n    echo \"error: The sandbox is not in sync with the Podfile.lock. Run 'pod install' or update your CocoaPods installation.\" >&2\n    exit 1\nfi\n# This output is used by Xcode 'outputs' to avoid re-running this script phase.\necho \"SUCCESS\" > \"${SCRIPT_OUTPUT_FILE_0}\"\n";
			showEnvVarsInLog = 0;
		};
		AE40490DD78628DEEA51F235 /* [CP] Check Pods Manifest.lock */ = {
			isa = PBXShellScriptBuildPhase;
			buildActionMask = 2147483647;
			files = (
			);
			inputFileListPaths = (
			);
			inputPaths = (
				"${PODS_PODFILE_DIR_PATH}/Podfile.lock",
				"${PODS_ROOT}/Manifest.lock",
			);
			name = "[CP] Check Pods Manifest.lock";
			outputFileListPaths = (
			);
			outputPaths = (
				"$(DERIVED_FILE_DIR)/Pods-ManageBuildings2.0UITests-checkManifestLockResult.txt",
			);
			runOnlyForDeploymentPostprocessing = 0;
			shellPath = /bin/sh;
			shellScript = "diff \"${PODS_PODFILE_DIR_PATH}/Podfile.lock\" \"${PODS_ROOT}/Manifest.lock\" > /dev/null\nif [ $? != 0 ] ; then\n    # print error to STDERR\n    echo \"error: The sandbox is not in sync with the Podfile.lock. Run 'pod install' or update your CocoaPods installation.\" >&2\n    exit 1\nfi\n# This output is used by Xcode 'outputs' to avoid re-running this script phase.\necho \"SUCCESS\" > \"${SCRIPT_OUTPUT_FILE_0}\"\n";
			showEnvVarsInLog = 0;
		};
		B12B6008B6CDB46C0BBB21FA /* [CP] Check Pods Manifest.lock */ = {
			isa = PBXShellScriptBuildPhase;
			buildActionMask = 2147483647;
			files = (
			);
			inputFileListPaths = (
			);
			inputPaths = (
				"${PODS_PODFILE_DIR_PATH}/Podfile.lock",
				"${PODS_ROOT}/Manifest.lock",
			);
			name = "[CP] Check Pods Manifest.lock";
			outputFileListPaths = (
			);
			outputPaths = (
				"$(DERIVED_FILE_DIR)/Pods-ManageBuildings2.0Tests-checkManifestLockResult.txt",
			);
			runOnlyForDeploymentPostprocessing = 0;
			shellPath = /bin/sh;
			shellScript = "diff \"${PODS_PODFILE_DIR_PATH}/Podfile.lock\" \"${PODS_ROOT}/Manifest.lock\" > /dev/null\nif [ $? != 0 ] ; then\n    # print error to STDERR\n    echo \"error: The sandbox is not in sync with the Podfile.lock. Run 'pod install' or update your CocoaPods installation.\" >&2\n    exit 1\nfi\n# This output is used by Xcode 'outputs' to avoid re-running this script phase.\necho \"SUCCESS\" > \"${SCRIPT_OUTPUT_FILE_0}\"\n";
			showEnvVarsInLog = 0;
		};
/* End PBXShellScriptBuildPhase section */

/* Begin PBXSourcesBuildPhase section */
		55DC921F23296EE60079772F /* Sources */ = {
			isa = PBXSourcesBuildPhase;
			buildActionMask = 2147483647;
			files = (
				5507C638232B38110044F90C /* controllerManageContrato.swift in Sources */,
				5507C647232B38110044F90C /* Arrendatarios.swift in Sources */,
				5507C63F232B38110044F90C /* controllerContrato.swift in Sources */,
				55DC922923296EE60079772F /* ViewController.swift in Sources */,
				55DC922723296EE60079772F /* AppDelegate.swift in Sources */,
				5507C63B232B38110044F90C /* controllerAddApt.swift in Sources */,
				5507C640232B38110044F90C /* controllerUpdateArrendatario.swift in Sources */,
				5507C639232B38110044F90C /* contratos.swift in Sources */,
				5507C644232B38110044F90C /* controllerUpdateContrato.swift in Sources */,
				556B5F6B246A1093004A9D52 /* pagosRenta.swift in Sources */,
				5507C642232B38110044F90C /* controllerAddArrendatario.swift in Sources */,
				5507C63D232B38110044F90C /* DBManager.swift in Sources */,
				5507C63A232B38110044F90C /* pruebaCron.swift in Sources */,
				5507C643232B38110044F90C /* Apartments.swift in Sources */,
				5507C637232B38110044F90C /* controllerManageHistorial.swift in Sources */,
				5507C63C232B38110044F90C /* controllerUpdateApartment.swift in Sources */,
				5507C641232B38110044F90C /* listaContratos.swift in Sources */,
				5507C646232B38110044F90C /* AparmentsController.swift in Sources */,
				5507C63E232B38110044F90C /* manageRentas.swift in Sources */,
				5507C636232B38110044F90C /* controllerArrendatario.swift in Sources */,
			);
			runOnlyForDeploymentPostprocessing = 0;
		};
		55DC923323296EE80079772F /* Sources */ = {
			isa = PBXSourcesBuildPhase;
			buildActionMask = 2147483647;
			files = (
				55DC923C23296EE80079772F /* ManageBuildings2_0Tests.swift in Sources */,
			);
			runOnlyForDeploymentPostprocessing = 0;
		};
		55DC923E23296EE80079772F /* Sources */ = {
			isa = PBXSourcesBuildPhase;
			buildActionMask = 2147483647;
			files = (
				55DC924723296EE80079772F /* ManageBuildings2_0UITests.swift in Sources */,
			);
			runOnlyForDeploymentPostprocessing = 0;
		};
/* End PBXSourcesBuildPhase section */

/* Begin PBXTargetDependency section */
		55DC923923296EE80079772F /* PBXTargetDependency */ = {
			isa = PBXTargetDependency;
			target = 55DC922223296EE60079772F /* ManageBuildings2.0 */;
			targetProxy = 55DC923823296EE80079772F /* PBXContainerItemProxy */;
		};
		55DC924423296EE80079772F /* PBXTargetDependency */ = {
			isa = PBXTargetDependency;
			target = 55DC922223296EE60079772F /* ManageBuildings2.0 */;
			targetProxy = 55DC924323296EE80079772F /* PBXContainerItemProxy */;
		};
/* End PBXTargetDependency section */

/* Begin XCBuildConfiguration section */
		55DC924923296EE80079772F /* Debug */ = {
			isa = XCBuildConfiguration;
			buildSettings = {
				ALWAYS_SEARCH_USER_PATHS = NO;
				CLANG_ANALYZER_NONNULL = YES;
				CLANG_ANALYZER_NUMBER_OBJECT_CONVERSION = YES_AGGRESSIVE;
				CLANG_CXX_LANGUAGE_STANDARD = "gnu++14";
				CLANG_CXX_LIBRARY = "libc++";
				CLANG_ENABLE_MODULES = YES;
				CLANG_ENABLE_OBJC_ARC = YES;
				CLANG_ENABLE_OBJC_WEAK = YES;
				CLANG_WARN_BLOCK_CAPTURE_AUTORELEASING = YES;
				CLANG_WARN_BOOL_CONVERSION = YES;
				CLANG_WARN_COMMA = YES;
				CLANG_WARN_CONSTANT_CONVERSION = YES;
				CLANG_WARN_DEPRECATED_OBJC_IMPLEMENTATIONS = YES;
				CLANG_WARN_DIRECT_OBJC_ISA_USAGE = YES_ERROR;
				CLANG_WARN_DOCUMENTATION_COMMENTS = YES;
				CLANG_WARN_EMPTY_BODY = YES;
				CLANG_WARN_ENUM_CONVERSION = YES;
				CLANG_WARN_INFINITE_RECURSION = YES;
				CLANG_WARN_INT_CONVERSION = YES;
				CLANG_WARN_NON_LITERAL_NULL_CONVERSION = YES;
				CLANG_WARN_OBJC_IMPLICIT_RETAIN_SELF = YES;
				CLANG_WARN_OBJC_LITERAL_CONVERSION = YES;
				CLANG_WARN_OBJC_ROOT_CLASS = YES_ERROR;
				CLANG_WARN_QUOTED_INCLUDE_IN_FRAMEWORK_HEADER = YES;
				CLANG_WARN_RANGE_LOOP_ANALYSIS = YES;
				CLANG_WARN_STRICT_PROTOTYPES = YES;
				CLANG_WARN_SUSPICIOUS_MOVE = YES;
				CLANG_WARN_UNGUARDED_AVAILABILITY = YES_AGGRESSIVE;
				CLANG_WARN_UNREACHABLE_CODE = YES;
				CLANG_WARN__DUPLICATE_METHOD_MATCH = YES;
				CODE_SIGN_IDENTITY = "iPhone Developer";
				COPY_PHASE_STRIP = NO;
				DEBUG_INFORMATION_FORMAT = dwarf;
				ENABLE_STRICT_OBJC_MSGSEND = YES;
				ENABLE_TESTABILITY = YES;
				GCC_C_LANGUAGE_STANDARD = gnu11;
				GCC_DYNAMIC_NO_PIC = NO;
				GCC_NO_COMMON_BLOCKS = YES;
				GCC_OPTIMIZATION_LEVEL = 0;
				GCC_PREPROCESSOR_DEFINITIONS = (
					"DEBUG=1",
					"$(inherited)",
				);
				GCC_WARN_64_TO_32_BIT_CONVERSION = YES;
				GCC_WARN_ABOUT_RETURN_TYPE = YES_ERROR;
				GCC_WARN_UNDECLARED_SELECTOR = YES;
				GCC_WARN_UNINITIALIZED_AUTOS = YES_AGGRESSIVE;
				GCC_WARN_UNUSED_FUNCTION = YES;
				GCC_WARN_UNUSED_VARIABLE = YES;
				IPHONEOS_DEPLOYMENT_TARGET = 14.4;
				MTL_ENABLE_DEBUG_INFO = INCLUDE_SOURCE;
				MTL_FAST_MATH = YES;
				ONLY_ACTIVE_ARCH = YES;
				SDKROOT = iphoneos;
				SWIFT_ACTIVE_COMPILATION_CONDITIONS = DEBUG;
				SWIFT_OPTIMIZATION_LEVEL = "-Onone";
			};
			name = Debug;
		};
		55DC924A23296EE80079772F /* Release */ = {
			isa = XCBuildConfiguration;
			buildSettings = {
				ALWAYS_SEARCH_USER_PATHS = NO;
				CLANG_ANALYZER_NONNULL = YES;
				CLANG_ANALYZER_NUMBER_OBJECT_CONVERSION = YES_AGGRESSIVE;
				CLANG_CXX_LANGUAGE_STANDARD = "gnu++14";
				CLANG_CXX_LIBRARY = "libc++";
				CLANG_ENABLE_MODULES = YES;
				CLANG_ENABLE_OBJC_ARC = YES;
				CLANG_ENABLE_OBJC_WEAK = YES;
				CLANG_WARN_BLOCK_CAPTURE_AUTORELEASING = YES;
				CLANG_WARN_BOOL_CONVERSION = YES;
				CLANG_WARN_COMMA = YES;
				CLANG_WARN_CONSTANT_CONVERSION = YES;
				CLANG_WARN_DEPRECATED_OBJC_IMPLEMENTATIONS = YES;
				CLANG_WARN_DIRECT_OBJC_ISA_USAGE = YES_ERROR;
				CLANG_WARN_DOCUMENTATION_COMMENTS = YES;
				CLANG_WARN_EMPTY_BODY = YES;
				CLANG_WARN_ENUM_CONVERSION = YES;
				CLANG_WARN_INFINITE_RECURSION = YES;
				CLANG_WARN_INT_CONVERSION = YES;
				CLANG_WARN_NON_LITERAL_NULL_CONVERSION = YES;
				CLANG_WARN_OBJC_IMPLICIT_RETAIN_SELF = YES;
				CLANG_WARN_OBJC_LITERAL_CONVERSION = YES;
				CLANG_WARN_OBJC_ROOT_CLASS = YES_ERROR;
				CLANG_WARN_QUOTED_INCLUDE_IN_FRAMEWORK_HEADER = YES;
				CLANG_WARN_RANGE_LOOP_ANALYSIS = YES;
				CLANG_WARN_STRICT_PROTOTYPES = YES;
				CLANG_WARN_SUSPICIOUS_MOVE = YES;
				CLANG_WARN_UNGUARDED_AVAILABILITY = YES_AGGRESSIVE;
				CLANG_WARN_UNREACHABLE_CODE = YES;
				CLANG_WARN__DUPLICATE_METHOD_MATCH = YES;
				CODE_SIGN_IDENTITY = "iPhone Developer";
				COPY_PHASE_STRIP = NO;
				DEBUG_INFORMATION_FORMAT = "dwarf-with-dsym";
				ENABLE_NS_ASSERTIONS = NO;
				ENABLE_STRICT_OBJC_MSGSEND = YES;
				GCC_C_LANGUAGE_STANDARD = gnu11;
				GCC_NO_COMMON_BLOCKS = YES;
				GCC_WARN_64_TO_32_BIT_CONVERSION = YES;
				GCC_WARN_ABOUT_RETURN_TYPE = YES_ERROR;
				GCC_WARN_UNDECLARED_SELECTOR = YES;
				GCC_WARN_UNINITIALIZED_AUTOS = YES_AGGRESSIVE;
				GCC_WARN_UNUSED_FUNCTION = YES;
				GCC_WARN_UNUSED_VARIABLE = YES;
				IPHONEOS_DEPLOYMENT_TARGET = 14.4;
				MTL_ENABLE_DEBUG_INFO = NO;
				MTL_FAST_MATH = YES;
				SDKROOT = iphoneos;
				SWIFT_COMPILATION_MODE = wholemodule;
				SWIFT_OPTIMIZATION_LEVEL = "-O";
				VALIDATE_PRODUCT = YES;
			};
			name = Release;
		};
		55DC924C23296EE80079772F /* Debug */ = {
			isa = XCBuildConfiguration;
			baseConfigurationReference = ECEFF37CD9B4EA2417EB1EFC /* Pods-ManageBuildings2.0.debug.xcconfig */;
			buildSettings = {
				ALWAYS_EMBED_SWIFT_STANDARD_LIBRARIES = YES;
				ASSETCATALOG_COMPILER_APPICON_NAME = AppIcon;
				CODE_SIGN_STYLE = Automatic;
				DEVELOPMENT_TEAM = W59M6B33EP;
				INFOPLIST_FILE = ManageBuildings2.0/Info.plist;
				IPHONEOS_DEPLOYMENT_TARGET = 13.2;
				LD_RUNPATH_SEARCH_PATHS = (
					"$(inherited)",
					"@executable_path/Frameworks",
				);
				MARKETING_VERSION = 2.0;
				PRODUCT_BUNDLE_IDENTIFIER = "wrichy.ManageBuildings2-0";
				PRODUCT_NAME = "$(TARGET_NAME)";
				SWIFT_VERSION = 5.0;
				TARGETED_DEVICE_FAMILY = "1,2";
			};
			name = Debug;
		};
		55DC924D23296EE80079772F /* Release */ = {
			isa = XCBuildConfiguration;
			baseConfigurationReference = 63652FDD8E468F7B80913E3F /* Pods-ManageBuildings2.0.release.xcconfig */;
			buildSettings = {
				ALWAYS_EMBED_SWIFT_STANDARD_LIBRARIES = YES;
				ASSETCATALOG_COMPILER_APPICON_NAME = AppIcon;
				CODE_SIGN_STYLE = Automatic;
				DEVELOPMENT_TEAM = W59M6B33EP;
				INFOPLIST_FILE = ManageBuildings2.0/Info.plist;
				IPHONEOS_DEPLOYMENT_TARGET = 13.2;
				LD_RUNPATH_SEARCH_PATHS = (
					"$(inherited)",
					"@executable_path/Frameworks",
				);
				MARKETING_VERSION = 2.0;
				PRODUCT_BUNDLE_IDENTIFIER = "wrichy.ManageBuildings2-0";
				PRODUCT_NAME = "$(TARGET_NAME)";
				SWIFT_VERSION = 5.0;
				TARGETED_DEVICE_FAMILY = "1,2";
			};
			name = Release;
		};
		55DC924F23296EE80079772F /* Debug */ = {
			isa = XCBuildConfiguration;
			baseConfigurationReference = 70B4FAD826A11F84F1B48512 /* Pods-ManageBuildings2.0Tests.debug.xcconfig */;
			buildSettings = {
				ALWAYS_EMBED_SWIFT_STANDARD_LIBRARIES = YES;
				BUNDLE_LOADER = "$(TEST_HOST)";
				CODE_SIGN_STYLE = Automatic;
				INFOPLIST_FILE = ManageBuildings2.0Tests/Info.plist;
				LD_RUNPATH_SEARCH_PATHS = (
					"$(inherited)",
					"@executable_path/Frameworks",
					"@loader_path/Frameworks",
				);
				PRODUCT_BUNDLE_IDENTIFIER = "wrichy.ManageBuildings2-0Tests";
				PRODUCT_NAME = "$(TARGET_NAME)";
				SWIFT_VERSION = 5.0;
				TARGETED_DEVICE_FAMILY = "1,2";
				TEST_HOST = "$(BUILT_PRODUCTS_DIR)/ManageBuildings2.0.app/ManageBuildings2.0";
			};
			name = Debug;
		};
		55DC925023296EE80079772F /* Release */ = {
			isa = XCBuildConfiguration;
			baseConfigurationReference = 05841F2517978D497CA559D0 /* Pods-ManageBuildings2.0Tests.release.xcconfig */;
			buildSettings = {
				ALWAYS_EMBED_SWIFT_STANDARD_LIBRARIES = YES;
				BUNDLE_LOADER = "$(TEST_HOST)";
				CODE_SIGN_STYLE = Automatic;
				INFOPLIST_FILE = ManageBuildings2.0Tests/Info.plist;
				LD_RUNPATH_SEARCH_PATHS = (
					"$(inherited)",
					"@executable_path/Frameworks",
					"@loader_path/Frameworks",
				);
				PRODUCT_BUNDLE_IDENTIFIER = "wrichy.ManageBuildings2-0Tests";
				PRODUCT_NAME = "$(TARGET_NAME)";
				SWIFT_VERSION = 5.0;
				TARGETED_DEVICE_FAMILY = "1,2";
				TEST_HOST = "$(BUILT_PRODUCTS_DIR)/ManageBuildings2.0.app/ManageBuildings2.0";
			};
			name = Release;
		};
		55DC925223296EE80079772F /* Debug */ = {
			isa = XCBuildConfiguration;
			baseConfigurationReference = 860B7C7C8E28ACF4EEDBAA89 /* Pods-ManageBuildings2.0UITests.debug.xcconfig */;
			buildSettings = {
				ALWAYS_EMBED_SWIFT_STANDARD_LIBRARIES = YES;
				CODE_SIGN_STYLE = Automatic;
				INFOPLIST_FILE = ManageBuildings2.0UITests/Info.plist;
				LD_RUNPATH_SEARCH_PATHS = (
					"$(inherited)",
					"@executable_path/Frameworks",
					"@loader_path/Frameworks",
				);
				PRODUCT_BUNDLE_IDENTIFIER = "wrichy.ManageBuildings2-0UITests";
				PRODUCT_NAME = "$(TARGET_NAME)";
				SWIFT_VERSION = 5.0;
				TARGETED_DEVICE_FAMILY = "1,2";
				TEST_TARGET_NAME = ManageBuildings2.0;
			};
			name = Debug;
		};
		55DC925323296EE80079772F /* Release */ = {
			isa = XCBuildConfiguration;
			baseConfigurationReference = 23EDE2271BE75AA764204403 /* Pods-ManageBuildings2.0UITests.release.xcconfig */;
			buildSettings = {
				ALWAYS_EMBED_SWIFT_STANDARD_LIBRARIES = YES;
				CODE_SIGN_STYLE = Automatic;
				INFOPLIST_FILE = ManageBuildings2.0UITests/Info.plist;
				LD_RUNPATH_SEARCH_PATHS = (
					"$(inherited)",
					"@executable_path/Frameworks",
					"@loader_path/Frameworks",
				);
				PRODUCT_BUNDLE_IDENTIFIER = "wrichy.ManageBuildings2-0UITests";
				PRODUCT_NAME = "$(TARGET_NAME)";
				SWIFT_VERSION = 5.0;
				TARGETED_DEVICE_FAMILY = "1,2";
				TEST_TARGET_NAME = ManageBuildings2.0;
			};
			name = Release;
		};
/* End XCBuildConfiguration section */

/* Begin XCConfigurationList section */
		55DC921E23296EE60079772F /* Build configuration list for PBXProject "ManageBuildings2.0" */ = {
			isa = XCConfigurationList;
			buildConfigurations = (
				55DC924923296EE80079772F /* Debug */,
				55DC924A23296EE80079772F /* Release */,
			);
			defaultConfigurationIsVisible = 0;
			defaultConfigurationName = Release;
		};
		55DC924B23296EE80079772F /* Build configuration list for PBXNativeTarget "ManageBuildings2.0" */ = {
			isa = XCConfigurationList;
			buildConfigurations = (
				55DC924C23296EE80079772F /* Debug */,
				55DC924D23296EE80079772F /* Release */,
			);
			defaultConfigurationIsVisible = 0;
			defaultConfigurationName = Release;
		};
		55DC924E23296EE80079772F /* Build configuration list for PBXNativeTarget "ManageBuildings2.0Tests" */ = {
			isa = XCConfigurationList;
			buildConfigurations = (
				55DC924F23296EE80079772F /* Debug */,
				55DC925023296EE80079772F /* Release */,
			);
			defaultConfigurationIsVisible = 0;
			defaultConfigurationName = Release;
		};
		55DC925123296EE80079772F /* Build configuration list for PBXNativeTarget "ManageBuildings2.0UITests" */ = {
			isa = XCConfigurationList;
			buildConfigurations = (
				55DC925223296EE80079772F /* Debug */,
				55DC925323296EE80079772F /* Release */,
			);
			defaultConfigurationIsVisible = 0;
			defaultConfigurationName = Release;
		};
/* End XCConfigurationList section */
	};
	rootObject = 55DC921B23296EE60079772F /* Project object */;
}
